// !$*UTF8*$!
{
	archiveVersion = 1;
	classes = {
	};
	objectVersion = 50;
	objects = {

/* Begin PBXBuildFile section */
		07495F9322B543EB008E2B75 /* AppDelegate.swift in Sources */ = {isa = PBXBuildFile; fileRef = 07495F9222B543EB008E2B75 /* AppDelegate.swift */; };
		07495F9522B543EB008E2B75 /* RegisterViewController.swift in Sources */ = {isa = PBXBuildFile; fileRef = 07495F9422B543EB008E2B75 /* RegisterViewController.swift */; };
		07495F9822B543EB008E2B75 /* Main.storyboard in Resources */ = {isa = PBXBuildFile; fileRef = 07495F9622B543EB008E2B75 /* Main.storyboard */; };
		07495F9A22B543EE008E2B75 /* Assets.xcassets in Resources */ = {isa = PBXBuildFile; fileRef = 07495F9922B543EE008E2B75 /* Assets.xcassets */; };
		07495F9D22B543EE008E2B75 /* LaunchScreen.storyboard in Resources */ = {isa = PBXBuildFile; fileRef = 07495F9B22B543EE008E2B75 /* LaunchScreen.storyboard */; };
		07495FA822B543EE008E2B75 /* CodeBuddyTests.swift in Sources */ = {isa = PBXBuildFile; fileRef = 07495FA722B543EE008E2B75 /* CodeBuddyTests.swift */; };
		07495FB322B54972008E2B75 /* GoogleService-Info.plist in Resources */ = {isa = PBXBuildFile; fileRef = 07495FB222B54972008E2B75 /* GoogleService-Info.plist */; };
		07495FB622B54ED0008E2B75 /* Alert.swift in Sources */ = {isa = PBXBuildFile; fileRef = 07495FB522B54ED0008E2B75 /* Alert.swift */; };
		07495FB822B5663E008E2B75 /* Users.swift in Sources */ = {isa = PBXBuildFile; fileRef = 07495FB722B5663D008E2B75 /* Users.swift */; };
		07495FBA22B567C5008E2B75 /* SpinnerViewController.swift in Sources */ = {isa = PBXBuildFile; fileRef = 07495FB922B567C5008E2B75 /* SpinnerViewController.swift */; };
		07495FBC22B57607008E2B75 /* LogInViewController.swift in Sources */ = {isa = PBXBuildFile; fileRef = 07495FBB22B57607008E2B75 /* LogInViewController.swift */; };
		07495FBF22B5801D008E2B75 /* ProfileViewController.swift in Sources */ = {isa = PBXBuildFile; fileRef = 07495FBE22B5801D008E2B75 /* ProfileViewController.swift */; };
		07495FC122B5A82E008E2B75 /* EditProfileViewController.swift in Sources */ = {isa = PBXBuildFile; fileRef = 07495FC022B5A82E008E2B75 /* EditProfileViewController.swift */; };
		9604BB498B28667A21FC8999 /* Pods_CodeBuddyTests.framework in Frameworks */ = {isa = PBXBuildFile; fileRef = B92C1CE70C1AD85A00BCBA57 /* Pods_CodeBuddyTests.framework */; };
		D15D26D952CBCD77E813B1EF /* Pods_CodeBuddy.framework in Frameworks */ = {isa = PBXBuildFile; fileRef = 40E47F23908304D6FBED0E3E /* Pods_CodeBuddy.framework */; };
/* End PBXBuildFile section */

/* Begin PBXContainerItemProxy section */
		07495FA422B543EE008E2B75 /* PBXContainerItemProxy */ = {
			isa = PBXContainerItemProxy;
			containerPortal = 07495F8722B543EA008E2B75 /* Project object */;
			proxyType = 1;
			remoteGlobalIDString = 07495F8E22B543EB008E2B75;
			remoteInfo = CodeBuddy;
		};
/* End PBXContainerItemProxy section */

/* Begin PBXFileReference section */
		07495F8F22B543EB008E2B75 /* CodeBuddy.app */ = {isa = PBXFileReference; explicitFileType = wrapper.application; includeInIndex = 0; path = CodeBuddy.app; sourceTree = BUILT_PRODUCTS_DIR; };
		07495F9222B543EB008E2B75 /* AppDelegate.swift */ = {isa = PBXFileReference; lastKnownFileType = sourcecode.swift; path = AppDelegate.swift; sourceTree = "<group>"; };
		07495F9422B543EB008E2B75 /* RegisterViewController.swift */ = {isa = PBXFileReference; lastKnownFileType = sourcecode.swift; path = RegisterViewController.swift; sourceTree = "<group>"; };
		07495F9722B543EB008E2B75 /* Base */ = {isa = PBXFileReference; lastKnownFileType = file.storyboard; name = Base; path = Base.lproj/Main.storyboard; sourceTree = "<group>"; };
		07495F9922B543EE008E2B75 /* Assets.xcassets */ = {isa = PBXFileReference; lastKnownFileType = folder.assetcatalog; path = Assets.xcassets; sourceTree = "<group>"; };
		07495F9C22B543EE008E2B75 /* Base */ = {isa = PBXFileReference; lastKnownFileType = file.storyboard; name = Base; path = Base.lproj/LaunchScreen.storyboard; sourceTree = "<group>"; };
		07495F9E22B543EE008E2B75 /* Info.plist */ = {isa = PBXFileReference; lastKnownFileType = text.plist.xml; path = Info.plist; sourceTree = "<group>"; };
		07495FA322B543EE008E2B75 /* CodeBuddyTests.xctest */ = {isa = PBXFileReference; explicitFileType = wrapper.cfbundle; includeInIndex = 0; path = CodeBuddyTests.xctest; sourceTree = BUILT_PRODUCTS_DIR; };
		07495FA722B543EE008E2B75 /* CodeBuddyTests.swift */ = {isa = PBXFileReference; lastKnownFileType = sourcecode.swift; path = CodeBuddyTests.swift; sourceTree = "<group>"; };
		07495FA922B543EE008E2B75 /* Info.plist */ = {isa = PBXFileReference; lastKnownFileType = text.plist.xml; path = Info.plist; sourceTree = "<group>"; };
		07495FB222B54972008E2B75 /* GoogleService-Info.plist */ = {isa = PBXFileReference; fileEncoding = 4; lastKnownFileType = text.plist.xml; path = "GoogleService-Info.plist"; sourceTree = "<group>"; };
		07495FB522B54ED0008E2B75 /* Alert.swift */ = {isa = PBXFileReference; lastKnownFileType = sourcecode.swift; path = Alert.swift; sourceTree = "<group>"; };
		07495FB722B5663D008E2B75 /* Users.swift */ = {isa = PBXFileReference; lastKnownFileType = sourcecode.swift; path = Users.swift; sourceTree = "<group>"; };
		07495FB922B567C5008E2B75 /* SpinnerViewController.swift */ = {isa = PBXFileReference; lastKnownFileType = sourcecode.swift; path = SpinnerViewController.swift; sourceTree = "<group>"; };
		07495FBB22B57607008E2B75 /* LogInViewController.swift */ = {isa = PBXFileReference; lastKnownFileType = sourcecode.swift; path = LogInViewController.swift; sourceTree = "<group>"; };
		07495FBE22B5801D008E2B75 /* ProfileViewController.swift */ = {isa = PBXFileReference; lastKnownFileType = sourcecode.swift; path = ProfileViewController.swift; sourceTree = "<group>"; };
		07495FC022B5A82E008E2B75 /* EditProfileViewController.swift */ = {isa = PBXFileReference; lastKnownFileType = sourcecode.swift; path = EditProfileViewController.swift; sourceTree = "<group>"; };
		135C5342A52F1C241D3B7E29 /* Pods-CodeBuddy.release.xcconfig */ = {isa = PBXFileReference; includeInIndex = 1; lastKnownFileType = text.xcconfig; name = "Pods-CodeBuddy.release.xcconfig"; path = "Target Support Files/Pods-CodeBuddy/Pods-CodeBuddy.release.xcconfig"; sourceTree = "<group>"; };
		40E47F23908304D6FBED0E3E /* Pods_CodeBuddy.framework */ = {isa = PBXFileReference; explicitFileType = wrapper.framework; includeInIndex = 0; path = Pods_CodeBuddy.framework; sourceTree = BUILT_PRODUCTS_DIR; };
		4317B97AC951E5FC01176B99 /* Pods-CodeBuddy.debug.xcconfig */ = {isa = PBXFileReference; includeInIndex = 1; lastKnownFileType = text.xcconfig; name = "Pods-CodeBuddy.debug.xcconfig"; path = "Target Support Files/Pods-CodeBuddy/Pods-CodeBuddy.debug.xcconfig"; sourceTree = "<group>"; };
		B92C1CE70C1AD85A00BCBA57 /* Pods_CodeBuddyTests.framework */ = {isa = PBXFileReference; explicitFileType = wrapper.framework; includeInIndex = 0; path = Pods_CodeBuddyTests.framework; sourceTree = BUILT_PRODUCTS_DIR; };
		D03B38CF46FCC21AF910404B /* Pods-CodeBuddyTests.debug.xcconfig */ = {isa = PBXFileReference; includeInIndex = 1; lastKnownFileType = text.xcconfig; name = "Pods-CodeBuddyTests.debug.xcconfig"; path = "Target Support Files/Pods-CodeBuddyTests/Pods-CodeBuddyTests.debug.xcconfig"; sourceTree = "<group>"; };
		E5A7EFF9F0496C446F5545E5 /* Pods-CodeBuddyTests.release.xcconfig */ = {isa = PBXFileReference; includeInIndex = 1; lastKnownFileType = text.xcconfig; name = "Pods-CodeBuddyTests.release.xcconfig"; path = "Target Support Files/Pods-CodeBuddyTests/Pods-CodeBuddyTests.release.xcconfig"; sourceTree = "<group>"; };
/* End PBXFileReference section */

/* Begin PBXFrameworksBuildPhase section */
		07495F8C22B543EB008E2B75 /* Frameworks */ = {
			isa = PBXFrameworksBuildPhase;
			buildActionMask = 2147483647;
			files = (
				D15D26D952CBCD77E813B1EF /* Pods_CodeBuddy.framework in Frameworks */,
			);
			runOnlyForDeploymentPostprocessing = 0;
		};
		07495FA022B543EE008E2B75 /* Frameworks */ = {
			isa = PBXFrameworksBuildPhase;
			buildActionMask = 2147483647;
			files = (
				9604BB498B28667A21FC8999 /* Pods_CodeBuddyTests.framework in Frameworks */,
			);
			runOnlyForDeploymentPostprocessing = 0;
		};
/* End PBXFrameworksBuildPhase section */

/* Begin PBXGroup section */
		07495F8622B543EA008E2B75 = {
			isa = PBXGroup;
			children = (
				07495F9122B543EB008E2B75 /* CodeBuddy */,
				07495FA622B543EE008E2B75 /* CodeBuddyTests */,
				07495F9022B543EB008E2B75 /* Products */,
				CB3A0442294B283E230EFCDA /* Pods */,
				DAC0F55DE64C4604CF5D3FBE /* Frameworks */,
			);
			sourceTree = "<group>";
		};
		07495F9022B543EB008E2B75 /* Products */ = {
			isa = PBXGroup;
			children = (
				07495F8F22B543EB008E2B75 /* CodeBuddy.app */,
				07495FA322B543EE008E2B75 /* CodeBuddyTests.xctest */,
			);
			name = Products;
			sourceTree = "<group>";
		};
		07495F9122B543EB008E2B75 /* CodeBuddy */ = {
			isa = PBXGroup;
			children = (
				07495FBD22B5800A008E2B75 /* Profile */,
				07495FB422B54EC2008E2B75 /* Helpers */,
				07495F9222B543EB008E2B75 /* AppDelegate.swift */,
				07495F9422B543EB008E2B75 /* RegisterViewController.swift */,
				07495FBB22B57607008E2B75 /* LogInViewController.swift */,
				07495F9622B543EB008E2B75 /* Main.storyboard */,
				07495F9922B543EE008E2B75 /* Assets.xcassets */,
				07495F9B22B543EE008E2B75 /* LaunchScreen.storyboard */,
				07495F9E22B543EE008E2B75 /* Info.plist */,
				07495FB222B54972008E2B75 /* GoogleService-Info.plist */,
			);
			path = CodeBuddy;
			sourceTree = "<group>";
		};
		07495FA622B543EE008E2B75 /* CodeBuddyTests */ = {
			isa = PBXGroup;
			children = (
				07495FA722B543EE008E2B75 /* CodeBuddyTests.swift */,
				07495FA922B543EE008E2B75 /* Info.plist */,
			);
			path = CodeBuddyTests;
			sourceTree = "<group>";
		};
		07495FB422B54EC2008E2B75 /* Helpers */ = {
			isa = PBXGroup;
			children = (
				07495FB522B54ED0008E2B75 /* Alert.swift */,
				07495FB722B5663D008E2B75 /* Users.swift */,
				07495FB922B567C5008E2B75 /* SpinnerViewController.swift */,
			);
			path = Helpers;
			sourceTree = "<group>";
		};
		07495FBD22B5800A008E2B75 /* Profile */ = {
			isa = PBXGroup;
			children = (
				07495FBE22B5801D008E2B75 /* ProfileViewController.swift */,
				07495FC022B5A82E008E2B75 /* EditProfileViewController.swift */,
			);
			path = Profile;
			sourceTree = "<group>";
		};
		CB3A0442294B283E230EFCDA /* Pods */ = {
			isa = PBXGroup;
			children = (
				4317B97AC951E5FC01176B99 /* Pods-CodeBuddy.debug.xcconfig */,
				135C5342A52F1C241D3B7E29 /* Pods-CodeBuddy.release.xcconfig */,
				D03B38CF46FCC21AF910404B /* Pods-CodeBuddyTests.debug.xcconfig */,
				E5A7EFF9F0496C446F5545E5 /* Pods-CodeBuddyTests.release.xcconfig */,
			);
			path = Pods;
			sourceTree = "<group>";
		};
		DAC0F55DE64C4604CF5D3FBE /* Frameworks */ = {
			isa = PBXGroup;
			children = (
				40E47F23908304D6FBED0E3E /* Pods_CodeBuddy.framework */,
				B92C1CE70C1AD85A00BCBA57 /* Pods_CodeBuddyTests.framework */,
			);
			name = Frameworks;
			sourceTree = "<group>";
		};
/* End PBXGroup section */

/* Begin PBXNativeTarget section */
		07495F8E22B543EB008E2B75 /* CodeBuddy */ = {
			isa = PBXNativeTarget;
			buildConfigurationList = 07495FAC22B543EE008E2B75 /* Build configuration list for PBXNativeTarget "CodeBuddy" */;
			buildPhases = (
				763BCB1BDCA7AC1741FE21EB /* [CP] Check Pods Manifest.lock */,
				07495F8B22B543EB008E2B75 /* Sources */,
				07495F8C22B543EB008E2B75 /* Frameworks */,
				07495F8D22B543EB008E2B75 /* Resources */,
				51DA82D482C82B6522CC46ED /* [CP] Embed Pods Frameworks */,
			);
			buildRules = (
			);
			dependencies = (
			);
			name = CodeBuddy;
			productName = CodeBuddy;
			productReference = 07495F8F22B543EB008E2B75 /* CodeBuddy.app */;
			productType = "com.apple.product-type.application";
		};
		07495FA222B543EE008E2B75 /* CodeBuddyTests */ = {
			isa = PBXNativeTarget;
			buildConfigurationList = 07495FAF22B543EE008E2B75 /* Build configuration list for PBXNativeTarget "CodeBuddyTests" */;
			buildPhases = (
				6A73F6C25EAA349BC109C320 /* [CP] Check Pods Manifest.lock */,
				07495F9F22B543EE008E2B75 /* Sources */,
				07495FA022B543EE008E2B75 /* Frameworks */,
				07495FA122B543EE008E2B75 /* Resources */,
			);
			buildRules = (
			);
			dependencies = (
				07495FA522B543EE008E2B75 /* PBXTargetDependency */,
			);
			name = CodeBuddyTests;
			productName = CodeBuddyTests;
			productReference = 07495FA322B543EE008E2B75 /* CodeBuddyTests.xctest */;
			productType = "com.apple.product-type.bundle.unit-test";
		};
/* End PBXNativeTarget section */

/* Begin PBXProject section */
		07495F8722B543EA008E2B75 /* Project object */ = {
			isa = PBXProject;
			attributes = {
				LastSwiftUpdateCheck = 1020;
				LastUpgradeCheck = 1020;
				ORGANIZATIONNAME = "Omar Tehsin";
				TargetAttributes = {
					07495F8E22B543EB008E2B75 = {
						CreatedOnToolsVersion = 10.2.1;
					};
					07495FA222B543EE008E2B75 = {
						CreatedOnToolsVersion = 10.2.1;
						TestTargetID = 07495F8E22B543EB008E2B75;
					};
				};
			};
			buildConfigurationList = 07495F8A22B543EA008E2B75 /* Build configuration list for PBXProject "CodeBuddy" */;
			compatibilityVersion = "Xcode 9.3";
			developmentRegion = en;
			hasScannedForEncodings = 0;
			knownRegions = (
				en,
				Base,
			);
			mainGroup = 07495F8622B543EA008E2B75;
			productRefGroup = 07495F9022B543EB008E2B75 /* Products */;
			projectDirPath = "";
			projectRoot = "";
			targets = (
				07495F8E22B543EB008E2B75 /* CodeBuddy */,
				07495FA222B543EE008E2B75 /* CodeBuddyTests */,
			);
		};
/* End PBXProject section */

/* Begin PBXResourcesBuildPhase section */
		07495F8D22B543EB008E2B75 /* Resources */ = {
			isa = PBXResourcesBuildPhase;
			buildActionMask = 2147483647;
			files = (
				07495F9D22B543EE008E2B75 /* LaunchScreen.storyboard in Resources */,
				07495FB322B54972008E2B75 /* GoogleService-Info.plist in Resources */,
				07495F9A22B543EE008E2B75 /* Assets.xcassets in Resources */,
				07495F9822B543EB008E2B75 /* Main.storyboard in Resources */,
			);
			runOnlyForDeploymentPostprocessing = 0;
		};
		07495FA122B543EE008E2B75 /* Resources */ = {
			isa = PBXResourcesBuildPhase;
			buildActionMask = 2147483647;
			files = (
			);
			runOnlyForDeploymentPostprocessing = 0;
		};
/* End PBXResourcesBuildPhase section */

/* Begin PBXShellScriptBuildPhase section */
		51DA82D482C82B6522CC46ED /* [CP] Embed Pods Frameworks */ = {
			isa = PBXShellScriptBuildPhase;
			buildActionMask = 2147483647;
			files = (
			);
			inputFileListPaths = (
			);
			inputPaths = (
				"${PODS_ROOT}/Target Support Files/Pods-CodeBuddy/Pods-CodeBuddy-frameworks.sh",
				"${BUILT_PRODUCTS_DIR}/Alamofire/Alamofire.framework",
				"${BUILT_PRODUCTS_DIR}/GTMSessionFetcher/GTMSessionFetcher.framework",
				"${BUILT_PRODUCTS_DIR}/GoogleUtilities/GoogleUtilities.framework",
				"${BUILT_PRODUCTS_DIR}/SwiftyJSON/SwiftyJSON.framework",
				"${BUILT_PRODUCTS_DIR}/leveldb-library/leveldb.framework",
				"${BUILT_PRODUCTS_DIR}/nanopb/nanopb.framework",
			);
			name = "[CP] Embed Pods Frameworks";
			outputFileListPaths = (
			);
			outputPaths = (
				"${TARGET_BUILD_DIR}/${FRAMEWORKS_FOLDER_PATH}/Alamofire.framework",
				"${TARGET_BUILD_DIR}/${FRAMEWORKS_FOLDER_PATH}/GTMSessionFetcher.framework",
				"${TARGET_BUILD_DIR}/${FRAMEWORKS_FOLDER_PATH}/GoogleUtilities.framework",
				"${TARGET_BUILD_DIR}/${FRAMEWORKS_FOLDER_PATH}/SwiftyJSON.framework",
				"${TARGET_BUILD_DIR}/${FRAMEWORKS_FOLDER_PATH}/leveldb.framework",
				"${TARGET_BUILD_DIR}/${FRAMEWORKS_FOLDER_PATH}/nanopb.framework",
			);
			runOnlyForDeploymentPostprocessing = 0;
			shellPath = /bin/sh;
			shellScript = "\"${PODS_ROOT}/Target Support Files/Pods-CodeBuddy/Pods-CodeBuddy-frameworks.sh\"\n";
			showEnvVarsInLog = 0;
		};
		6A73F6C25EAA349BC109C320 /* [CP] Check Pods Manifest.lock */ = {
			isa = PBXShellScriptBuildPhase;
			buildActionMask = 2147483647;
			files = (
			);
			inputFileListPaths = (
			);
			inputPaths = (
				"${PODS_PODFILE_DIR_PATH}/Podfile.lock",
				"${PODS_ROOT}/Manifest.lock",
			);
			name = "[CP] Check Pods Manifest.lock";
			outputFileListPaths = (
			);
			outputPaths = (
				"$(DERIVED_FILE_DIR)/Pods-CodeBuddyTests-checkManifestLockResult.txt",
			);
			runOnlyForDeploymentPostprocessing = 0;
			shellPath = /bin/sh;
			shellScript = "diff \"${PODS_PODFILE_DIR_PATH}/Podfile.lock\" \"${PODS_ROOT}/Manifest.lock\" > /dev/null\nif [ $? != 0 ] ; then\n    # print error to STDERR\n    echo \"error: The sandbox is not in sync with the Podfile.lock. Run 'pod install' or update your CocoaPods installation.\" >&2\n    exit 1\nfi\n# This output is used by Xcode 'outputs' to avoid re-running this script phase.\necho \"SUCCESS\" > \"${SCRIPT_OUTPUT_FILE_0}\"\n";
			showEnvVarsInLog = 0;
		};
		763BCB1BDCA7AC1741FE21EB /* [CP] Check Pods Manifest.lock */ = {
			isa = PBXShellScriptBuildPhase;
			buildActionMask = 2147483647;
			files = (
			);
			inputFileListPaths = (
			);
			inputPaths = (
				"${PODS_PODFILE_DIR_PATH}/Podfile.lock",
				"${PODS_ROOT}/Manifest.lock",
			);
			name = "[CP] Check Pods Manifest.lock";
			outputFileListPaths = (
			);
			outputPaths = (
				"$(DERIVED_FILE_DIR)/Pods-CodeBuddy-checkManifestLockResult.txt",
			);
			runOnlyForDeploymentPostprocessing = 0;
			shellPath = /bin/sh;
			shellScript = "diff \"${PODS_PODFILE_DIR_PATH}/Podfile.lock\" \"${PODS_ROOT}/Manifest.lock\" > /dev/null\nif [ $? != 0 ] ; then\n    # print error to STDERR\n    echo \"error: The sandbox is not in sync with the Podfile.lock. Run 'pod install' or update your CocoaPods installation.\" >&2\n    exit 1\nfi\n# This output is used by Xcode 'outputs' to avoid re-running this script phase.\necho \"SUCCESS\" > \"${SCRIPT_OUTPUT_FILE_0}\"\n";
			showEnvVarsInLog = 0;
		};
/* End PBXShellScriptBuildPhase section */

/* Begin PBXSourcesBuildPhase section */
		07495F8B22B543EB008E2B75 /* Sources */ = {
			isa = PBXSourcesBuildPhase;
			buildActionMask = 2147483647;
			files = (
				07495FC122B5A82E008E2B75 /* EditProfileViewController.swift in Sources */,
				07495FB822B5663E008E2B75 /* Users.swift in Sources */,
				07495FB622B54ED0008E2B75 /* Alert.swift in Sources */,
				07495FBC22B57607008E2B75 /* LogInViewController.swift in Sources */,
				07495F9522B543EB008E2B75 /* RegisterViewController.swift in Sources */,
				07495FBF22B5801D008E2B75 /* ProfileViewController.swift in Sources */,
				07495F9322B543EB008E2B75 /* AppDelegate.swift in Sources */,
				07495FBA22B567C5008E2B75 /* SpinnerViewController.swift in Sources */,
			);
			runOnlyForDeploymentPostprocessing = 0;
		};
		07495F9F22B543EE008E2B75 /* Sources */ = {
			isa = PBXSourcesBuildPhase;
			buildActionMask = 2147483647;
			files = (
				07495FA822B543EE008E2B75 /* CodeBuddyTests.swift in Sources */,
			);
			runOnlyForDeploymentPostprocessing = 0;
		};
/* End PBXSourcesBuildPhase section */

/* Begin PBXTargetDependency section */
		07495FA522B543EE008E2B75 /* PBXTargetDependency */ = {
			isa = PBXTargetDependency;
			target = 07495F8E22B543EB008E2B75 /* CodeBuddy */;
			targetProxy = 07495FA422B543EE008E2B75 /* PBXContainerItemProxy */;
		};
/* End PBXTargetDependency section */

/* Begin PBXVariantGroup section */
		07495F9622B543EB008E2B75 /* Main.storyboard */ = {
			isa = PBXVariantGroup;
			children = (
				07495F9722B543EB008E2B75 /* Base */,
			);
			name = Main.storyboard;
			sourceTree = "<group>";
		};
		07495F9B22B543EE008E2B75 /* LaunchScreen.storyboard */ = {
			isa = PBXVariantGroup;
			children = (
				07495F9C22B543EE008E2B75 /* Base */,
			);
			name = LaunchScreen.storyboard;
			sourceTree = "<group>";
		};
/* End PBXVariantGroup section */

/* Begin XCBuildConfiguration section */
		07495FAA22B543EE008E2B75 /* Debug */ = {
			isa = XCBuildConfiguration;
			buildSettings = {
				ALWAYS_SEARCH_USER_PATHS = NO;
				CLANG_ANALYZER_NONNULL = YES;
				CLANG_ANALYZER_NUMBER_OBJECT_CONVERSION = YES_AGGRESSIVE;
				CLANG_CXX_LANGUAGE_STANDARD = "gnu++14";
				CLANG_CXX_LIBRARY = "libc++";
				CLANG_ENABLE_MODULES = YES;
				CLANG_ENABLE_OBJC_ARC = YES;
				CLANG_ENABLE_OBJC_WEAK = YES;
				CLANG_WARN_BLOCK_CAPTURE_AUTORELEASING = YES;
				CLANG_WARN_BOOL_CONVERSION = YES;
				CLANG_WARN_COMMA = YES;
				CLANG_WARN_CONSTANT_CONVERSION = YES;
				CLANG_WARN_DEPRECATED_OBJC_IMPLEMENTATIONS = YES;
				CLANG_WARN_DIRECT_OBJC_ISA_USAGE = YES_ERROR;
				CLANG_WARN_DOCUMENTATION_COMMENTS = YES;
				CLANG_WARN_EMPTY_BODY = YES;
				CLANG_WARN_ENUM_CONVERSION = YES;
				CLANG_WARN_INFINITE_RECURSION = YES;
				CLANG_WARN_INT_CONVERSION = YES;
				CLANG_WARN_NON_LITERAL_NULL_CONVERSION = YES;
				CLANG_WARN_OBJC_IMPLICIT_RETAIN_SELF = YES;
				CLANG_WARN_OBJC_LITERAL_CONVERSION = YES;
				CLANG_WARN_OBJC_ROOT_CLASS = YES_ERROR;
				CLANG_WARN_RANGE_LOOP_ANALYSIS = YES;
				CLANG_WARN_STRICT_PROTOTYPES = YES;
				CLANG_WARN_SUSPICIOUS_MOVE = YES;
				CLANG_WARN_UNGUARDED_AVAILABILITY = YES_AGGRESSIVE;
				CLANG_WARN_UNREACHABLE_CODE = YES;
				CLANG_WARN__DUPLICATE_METHOD_MATCH = YES;
				CODE_SIGN_IDENTITY = "iPhone Developer";
				COPY_PHASE_STRIP = NO;
				DEBUG_INFORMATION_FORMAT = dwarf;
				ENABLE_STRICT_OBJC_MSGSEND = YES;
				ENABLE_TESTABILITY = YES;
				GCC_C_LANGUAGE_STANDARD = gnu11;
				GCC_DYNAMIC_NO_PIC = NO;
				GCC_NO_COMMON_BLOCKS = YES;
				GCC_OPTIMIZATION_LEVEL = 0;
				GCC_PREPROCESSOR_DEFINITIONS = (
					"DEBUG=1",
					"$(inherited)",
				);
				GCC_WARN_64_TO_32_BIT_CONVERSION = YES;
				GCC_WARN_ABOUT_RETURN_TYPE = YES_ERROR;
				GCC_WARN_UNDECLARED_SELECTOR = YES;
				GCC_WARN_UNINITIALIZED_AUTOS = YES_AGGRESSIVE;
				GCC_WARN_UNUSED_FUNCTION = YES;
				GCC_WARN_UNUSED_VARIABLE = YES;
				IPHONEOS_DEPLOYMENT_TARGET = 12.2;
				MTL_ENABLE_DEBUG_INFO = INCLUDE_SOURCE;
				MTL_FAST_MATH = YES;
				ONLY_ACTIVE_ARCH = YES;
				SDKROOT = iphoneos;
				SWIFT_ACTIVE_COMPILATION_CONDITIONS = DEBUG;
				SWIFT_OPTIMIZATION_LEVEL = "-Onone";
			};
			name = Debug;
		};
		07495FAB22B543EE008E2B75 /* Release */ = {
			isa = XCBuildConfiguration;
			buildSettings = {
				ALWAYS_SEARCH_USER_PATHS = NO;
				CLANG_ANALYZER_NONNULL = YES;
				CLANG_ANALYZER_NUMBER_OBJECT_CONVERSION = YES_AGGRESSIVE;
				CLANG_CXX_LANGUAGE_STANDARD = "gnu++14";
				CLANG_CXX_LIBRARY = "libc++";
				CLANG_ENABLE_MODULES = YES;
				CLANG_ENABLE_OBJC_ARC = YES;
				CLANG_ENABLE_OBJC_WEAK = YES;
				CLANG_WARN_BLOCK_CAPTURE_AUTORELEASING = YES;
				CLANG_WARN_BOOL_CONVERSION = YES;
				CLANG_WARN_COMMA = YES;
				CLANG_WARN_CONSTANT_CONVERSION = YES;
				CLANG_WARN_DEPRECATED_OBJC_IMPLEMENTATIONS = YES;
				CLANG_WARN_DIRECT_OBJC_ISA_USAGE = YES_ERROR;
				CLANG_WARN_DOCUMENTATION_COMMENTS = YES;
				CLANG_WARN_EMPTY_BODY = YES;
				CLANG_WARN_ENUM_CONVERSION = YES;
				CLANG_WARN_INFINITE_RECURSION = YES;
				CLANG_WARN_INT_CONVERSION = YES;
				CLANG_WARN_NON_LITERAL_NULL_CONVERSION = YES;
				CLANG_WARN_OBJC_IMPLICIT_RETAIN_SELF = YES;
				CLANG_WARN_OBJC_LITERAL_CONVERSION = YES;
				CLANG_WARN_OBJC_ROOT_CLASS = YES_ERROR;
				CLANG_WARN_RANGE_LOOP_ANALYSIS = YES;
				CLANG_WARN_STRICT_PROTOTYPES = YES;
				CLANG_WARN_SUSPICIOUS_MOVE = YES;
				CLANG_WARN_UNGUARDED_AVAILABILITY = YES_AGGRESSIVE;
				CLANG_WARN_UNREACHABLE_CODE = YES;
				CLANG_WARN__DUPLICATE_METHOD_MATCH = YES;
				CODE_SIGN_IDENTITY = "iPhone Developer";
				COPY_PHASE_STRIP = NO;
				DEBUG_INFORMATION_FORMAT = "dwarf-with-dsym";
				ENABLE_NS_ASSERTIONS = NO;
				ENABLE_STRICT_OBJC_MSGSEND = YES;
				GCC_C_LANGUAGE_STANDARD = gnu11;
				GCC_NO_COMMON_BLOCKS = YES;
				GCC_WARN_64_TO_32_BIT_CONVERSION = YES;
				GCC_WARN_ABOUT_RETURN_TYPE = YES_ERROR;
				GCC_WARN_UNDECLARED_SELECTOR = YES;
				GCC_WARN_UNINITIALIZED_AUTOS = YES_AGGRESSIVE;
				GCC_WARN_UNUSED_FUNCTION = YES;
				GCC_WARN_UNUSED_VARIABLE = YES;
				IPHONEOS_DEPLOYMENT_TARGET = 12.2;
				MTL_ENABLE_DEBUG_INFO = NO;
				MTL_FAST_MATH = YES;
				SDKROOT = iphoneos;
				SWIFT_COMPILATION_MODE = wholemodule;
				SWIFT_OPTIMIZATION_LEVEL = "-O";
				VALIDATE_PRODUCT = YES;
			};
			name = Release;
		};
		07495FAD22B543EE008E2B75 /* Debug */ = {
			isa = XCBuildConfiguration;
			baseConfigurationReference = 4317B97AC951E5FC01176B99 /* Pods-CodeBuddy.debug.xcconfig */;
			buildSettings = {
				ASSETCATALOG_COMPILER_APPICON_NAME = AppIcon;
				CODE_SIGN_STYLE = Automatic;
				DEVELOPMENT_TEAM = 3CHBMWBLU9;
				INFOPLIST_FILE = CodeBuddy/Info.plist;
				LD_RUNPATH_SEARCH_PATHS = (
					"$(inherited)",
					"@executable_path/Frameworks",
				);
				PRODUCT_BUNDLE_IDENTIFIER = com.omartehsin.CodeBuddy;
				PRODUCT_NAME = "$(TARGET_NAME)";
				SWIFT_VERSION = 5.0;
				TARGETED_DEVICE_FAMILY = "1,2";
			};
			name = Debug;
		};
		07495FAE22B543EE008E2B75 /* Release */ = {
			isa = XCBuildConfiguration;
			baseConfigurationReference = 135C5342A52F1C241D3B7E29 /* Pods-CodeBuddy.release.xcconfig */;
			buildSettings = {
				ASSETCATALOG_COMPILER_APPICON_NAME = AppIcon;
				CODE_SIGN_STYLE = Automatic;
				DEVELOPMENT_TEAM = 3CHBMWBLU9;
				INFOPLIST_FILE = CodeBuddy/Info.plist;
				LD_RUNPATH_SEARCH_PATHS = (
					"$(inherited)",
					"@executable_path/Frameworks",
				);
				PRODUCT_BUNDLE_IDENTIFIER = com.omartehsin.CodeBuddy;
				PRODUCT_NAME = "$(TARGET_NAME)";
				SWIFT_VERSION = 5.0;
				TARGETED_DEVICE_FAMILY = "1,2";
			};
			name = Release;
		};
		07495FB022B543EE008E2B75 /* Debug */ = {
			isa = XCBuildConfiguration;
			baseConfigurationReference = D03B38CF46FCC21AF910404B /* Pods-CodeBuddyTests.debug.xcconfig */;
			buildSettings = {
				ALWAYS_EMBED_SWIFT_STANDARD_LIBRARIES = YES;
				BUNDLE_LOADER = "$(TEST_HOST)";
				CODE_SIGN_STYLE = Automatic;
				DEVELOPMENT_TEAM = 3CHBMWBLU9;
				INFOPLIST_FILE = CodeBuddyTests/Info.plist;
				LD_RUNPATH_SEARCH_PATHS = (
					"$(inherited)",
					"@executable_path/Frameworks",
					"@loader_path/Frameworks",
				);
				PRODUCT_BUNDLE_IDENTIFIER = com.omartehsin.CodeBuddyTests;
				PRODUCT_NAME = "$(TARGET_NAME)";
				SWIFT_VERSION = 5.0;
				TARGETED_DEVICE_FAMILY = "1,2";
				TEST_HOST = "$(BUILT_PRODUCTS_DIR)/CodeBuddy.app/CodeBuddy";
			};
			name = Debug;
		};
		07495FB122B543EE008E2B75 /* Release */ = {
			isa = XCBuildConfiguration;
			baseConfigurationReference = E5A7EFF9F0496C446F5545E5 /* Pods-CodeBuddyTests.release.xcconfig */;
			buildSettings = {
				ALWAYS_EMBED_SWIFT_STANDARD_LIBRARIES = YES;
				BUNDLE_LOADER = "$(TEST_HOST)";
				CODE_SIGN_STYLE = Automatic;
				DEVELOPMENT_TEAM = 3CHBMWBLU9;
				INFOPLIST_FILE = CodeBuddyTests/Info.plist;
				LD_RUNPATH_SEARCH_PATHS = (
					"$(inherited)",
					"@executable_path/Frameworks",
					"@loader_path/Frameworks",
				);
				PRODUCT_BUNDLE_IDENTIFIER = com.omartehsin.CodeBuddyTests;
				PRODUCT_NAME = "$(TARGET_NAME)";
				SWIFT_VERSION = 5.0;
				TARGETED_DEVICE_FAMILY = "1,2";
				TEST_HOST = "$(BUILT_PRODUCTS_DIR)/CodeBuddy.app/CodeBuddy";
			};
			name = Release;
		};
/* End XCBuildConfiguration section */

/* Begin XCConfigurationList section */
		07495F8A22B543EA008E2B75 /* Build configuration list for PBXProject "CodeBuddy" */ = {
			isa = XCConfigurationList;
			buildConfigurations = (
				07495FAA22B543EE008E2B75 /* Debug */,
				07495FAB22B543EE008E2B75 /* Release */,
			);
			defaultConfigurationIsVisible = 0;
			defaultConfigurationName = Release;
		};
		07495FAC22B543EE008E2B75 /* Build configuration list for PBXNativeTarget "CodeBuddy" */ = {
			isa = XCConfigurationList;
			buildConfigurations = (
				07495FAD22B543EE008E2B75 /* Debug */,
				07495FAE22B543EE008E2B75 /* Release */,
			);
			defaultConfigurationIsVisible = 0;
			defaultConfigurationName = Release;
		};
		07495FAF22B543EE008E2B75 /* Build configuration list for PBXNativeTarget "CodeBuddyTests" */ = {
			isa = XCConfigurationList;
			buildConfigurations = (
				07495FB022B543EE008E2B75 /* Debug */,
				07495FB122B543EE008E2B75 /* Release */,
			);
			defaultConfigurationIsVisible = 0;
			defaultConfigurationName = Release;
		};
/* End XCConfigurationList section */
	};
	rootObject = 07495F8722B543EA008E2B75 /* Project object */;
}
